
Microsoft Visual Studio Solution File, Format Version 12.00
# Visual Studio 2012
Project("{FAE04EC0-301F-11D3-BF4B-00C04F79EFBC}") = "FindNDriveDomainObjects", "DomainObjects\FindNDriveDomainObjects.csproj", "{2FE3E5E1-2D9F-4791-B60F-86FC293A8240}"
EndProject
Project("{FAE04EC0-301F-11D3-BF4B-00C04F79EFBC}") = "FindNDriveInfrastructureDataAccessLayer", "FindNDriveInfrastructureDataAccessLayer\FindNDriveInfrastructureDataAccessLayer.csproj", "{893FF91F-37FF-4230-BA88-4A0414521633}"
EndProject
Project("{FAE04EC0-301F-11D3-BF4B-00C04F79EFBC}") = "FindNDriveInfrastructureCore", "FindNDriveInfrastructureCore\FindNDriveInfrastructureCore.csproj", "{315FFCF8-0595-41A9-AB9A-56495FB93FD7}"
EndProject
Project("{FAE04EC0-301F-11D3-BF4B-00C04F79EFBC}") = "FindNDriveServices2", "FindNDriveServices2\FindNDriveServices2.csproj", "{FC80B470-8A56-4BF8-AFF6-BD33176F79A4}"
EndProject
Project("{FAE04EC0-301F-11D3-BF4B-00C04F79EFBC}") = "FindNDriveDataAccessLayer", "FindNDriveDataAccessLayer\FindNDriveDataAccessLayer.csproj", "{6FEF620A-4B02-48D3-B1ED-A7AEBCC47DEA}"
EndProject
Project("{FAE04EC0-301F-11D3-BF4B-00C04F79EFBC}") = "FindNDriveLoadTests", "FindNDriveLoadTests\FindNDriveLoadTests.csproj", "{0CD5048D-18D5-4F91-B214-4B666161B309}"
EndProject
Project("{2150E333-8FDC-42A3-9474-1A3956D46DE8}") = "Solution Items", "Solution Items", "{39B7C77E-61F5-4264-BC28-BE411844E675}"
	ProjectSection(SolutionItems) = preProject
		FindNDrive.vsmdi = FindNDrive.vsmdi
		Local.testsettings = Local.testsettings
	EndProjectSection
EndProject
Project("{FAE04EC0-301F-11D3-BF4B-00C04F79EFBC}") = "FindNDriveUnitTests", "FindNDriveUnitTests\FindNDriveUnitTests.csproj", "{8F1ED93E-EAD1-4E42-9074-AEEA45CEA5B5}"
EndProject
Project("{FAE04EC0-301F-11D3-BF4B-00C04F79EFBC}") = "FindNDriveAdminPanel", "FindNDriveAdminPanel\FindNDriveAdminPanel.csproj", "{3EBDD9AA-18FA-4333-B5EE-84063BCB2B57}"
EndProject
Global
	GlobalSection(TestCaseManagementSettings) = postSolution
		CategoryFile = FindNDrive.vsmdi
	EndGlobalSection
	GlobalSection(SolutionConfigurationPlatforms) = preSolution
		Debug|Any CPU = Debug|Any CPU
		Release|Any CPU = Release|Any CPU
	EndGlobalSection
	GlobalSection(ProjectConfigurationPlatforms) = postSolution
		{2FE3E5E1-2D9F-4791-B60F-86FC293A8240}.Debug|Any CPU.ActiveCfg = Debug|Any CPU
		{2FE3E5E1-2D9F-4791-B60F-86FC293A8240}.Debug|Any CPU.Build.0 = Debug|Any CPU
		{2FE3E5E1-2D9F-4791-B60F-86FC293A8240}.Release|Any CPU.ActiveCfg = Release|Any CPU
		{2FE3E5E1-2D9F-4791-B60F-86FC293A8240}.Release|Any CPU.Build.0 = Release|Any CPU
		{893FF91F-37FF-4230-BA88-4A0414521633}.Debug|Any CPU.ActiveCfg = Debug|Any CPU
		{893FF91F-37FF-4230-BA88-4A0414521633}.Debug|Any CPU.Build.0 = Debug|Any CPU
		{893FF91F-37FF-4230-BA88-4A0414521633}.Release|Any CPU.ActiveCfg = Release|Any CPU
		{893FF91F-37FF-4230-BA88-4A0414521633}.Release|Any CPU.Build.0 = Release|Any CPU
		{315FFCF8-0595-41A9-AB9A-56495FB93FD7}.Debug|Any CPU.ActiveCfg = Debug|Any CPU
		{315FFCF8-0595-41A9-AB9A-56495FB93FD7}.Debug|Any CPU.Build.0 = Debug|Any CPU
		{315FFCF8-0595-41A9-AB9A-56495FB93FD7}.Release|Any CPU.ActiveCfg = Release|Any CPU
		{315FFCF8-0595-41A9-AB9A-56495FB93FD7}.Release|Any CPU.Build.0 = Release|Any CPU
		{FC80B470-8A56-4BF8-AFF6-BD33176F79A4}.Debug|Any CPU.ActiveCfg = Debug|Any CPU
		{FC80B470-8A56-4BF8-AFF6-BD33176F79A4}.Debug|Any CPU.Build.0 = Debug|Any CPU
		{FC80B470-8A56-4BF8-AFF6-BD33176F79A4}.Release|Any CPU.ActiveCfg = Release|Any CPU
		{FC80B470-8A56-4BF8-AFF6-BD33176F79A4}.Release|Any CPU.Build.0 = Release|Any CPU
		{6FEF620A-4B02-48D3-B1ED-A7AEBCC47DEA}.Debug|Any CPU.ActiveCfg = Debug|Any CPU
		{6FEF620A-4B02-48D3-B1ED-A7AEBCC47DEA}.Debug|Any CPU.Build.0 = Debug|Any CPU
		{6FEF620A-4B02-48D3-B1ED-A7AEBCC47DEA}.Release|Any CPU.ActiveCfg = Release|Any CPU
		{6FEF620A-4B02-48D3-B1ED-A7AEBCC47DEA}.Release|Any CPU.Build.0 = Release|Any CPU
		{0CD5048D-18D5-4F91-B214-4B666161B309}.Debug|Any CPU.ActiveCfg = Debug|Any CPU
		{0CD5048D-18D5-4F91-B214-4B666161B309}.Debug|Any CPU.Build.0 = Debug|Any CPU
		{0CD5048D-18D5-4F91-B214-4B666161B309}.Release|Any CPU.ActiveCfg = Release|Any CPU
		{0CD5048D-18D5-4F91-B214-4B666161B309}.Release|Any CPU.Build.0 = Release|Any CPU
		{8F1ED93E-EAD1-4E42-9074-AEEA45CEA5B5}.Debug|Any CPU.ActiveCfg = Debug|Any CPU
		{8F1ED93E-EAD1-4E42-9074-AEEA45CEA5B5}.Debug|Any CPU.Build.0 = Debug|Any CPU
		{8F1ED93E-EAD1-4E42-9074-AEEA45CEA5B5}.Release|Any CPU.ActiveCfg = Release|Any CPU
		{8F1ED93E-EAD1-4E42-9074-AEEA45CEA5B5}.Release|Any CPU.Build.0 = Release|Any CPU
		{3EBDD9AA-18FA-4333-B5EE-84063BCB2B57}.Debug|Any CPU.ActiveCfg = Debug|Any CPU
		{3EBDD9AA-18FA-4333-B5EE-84063BCB2B57}.Debug|Any CPU.Build.0 = Debug|Any CPU
		{3EBDD9AA-18FA-4333-B5EE-84063BCB2B57}.Release|Any CPU.ActiveCfg = Release|Any CPU
		{3EBDD9AA-18FA-4333-B5EE-84063BCB2B57}.Release|Any CPU.Build.0 = Release|Any CPU
	EndGlobalSection
	GlobalSection(SolutionProperties) = preSolution
		HideSolutionNode = FALSE
	EndGlobalSection
EndGlobal
