
Microsoft Visual Studio Solution File, Format Version 12.00
# Visual Studio 2012
Project("{FAE04EC0-301F-11D3-BF4B-00C04F79EFBC}") = "FindNDriveServices", "FindNDriveServices\FindNDriveServices.csproj", "{15B3E0D2-6217-493A-A690-158C497F5318}"
EndProject
Project("{FAE04EC0-301F-11D3-BF4B-00C04F79EFBC}") = "FindNDriveDomainObjects", "DomainObjects\FindNDriveDomainObjects.csproj", "{2FE3E5E1-2D9F-4791-B60F-86FC293A8240}"
EndProject
Project("{FAE04EC0-301F-11D3-BF4B-00C04F79EFBC}") = "FindNDriveConsoleHost", "FindNDriveConsoleHost\FindNDriveConsoleHost.csproj", "{3E6AE073-DF63-453A-AEC6-DF79A4DD0477}"
EndProject
Global
	GlobalSection(SolutionConfigurationPlatforms) = preSolution
		Debug|Any CPU = Debug|Any CPU
		Release|Any CPU = Release|Any CPU
	EndGlobalSection
	GlobalSection(ProjectConfigurationPlatforms) = postSolution
		{15B3E0D2-6217-493A-A690-158C497F5318}.Debug|Any CPU.ActiveCfg = Debug|Any CPU
		{15B3E0D2-6217-493A-A690-158C497F5318}.Debug|Any CPU.Build.0 = Debug|Any CPU
		{15B3E0D2-6217-493A-A690-158C497F5318}.Release|Any CPU.ActiveCfg = Release|Any CPU
		{15B3E0D2-6217-493A-A690-158C497F5318}.Release|Any CPU.Build.0 = Release|Any CPU
		{2FE3E5E1-2D9F-4791-B60F-86FC293A8240}.Debug|Any CPU.ActiveCfg = Debug|Any CPU
		{2FE3E5E1-2D9F-4791-B60F-86FC293A8240}.Debug|Any CPU.Build.0 = Debug|Any CPU
		{2FE3E5E1-2D9F-4791-B60F-86FC293A8240}.Release|Any CPU.ActiveCfg = Release|Any CPU
		{2FE3E5E1-2D9F-4791-B60F-86FC293A8240}.Release|Any CPU.Build.0 = Release|Any CPU
		{3E6AE073-DF63-453A-AEC6-DF79A4DD0477}.Debug|Any CPU.ActiveCfg = Debug|Any CPU
		{3E6AE073-DF63-453A-AEC6-DF79A4DD0477}.Debug|Any CPU.Build.0 = Debug|Any CPU
		{3E6AE073-DF63-453A-AEC6-DF79A4DD0477}.Release|Any CPU.ActiveCfg = Release|Any CPU
		{3E6AE073-DF63-453A-AEC6-DF79A4DD0477}.Release|Any CPU.Build.0 = Release|Any CPU
	EndGlobalSection
	GlobalSection(SolutionProperties) = preSolution
		HideSolutionNode = FALSE
	EndGlobalSection
EndGlobal
